// !$*UTF8*$!
{
	archiveVersion = 1;
	classes = {
	};
	objectVersion = 50;
	objects = {

/* Begin PBXBuildFile section */
		A2043374248C56F8004D6C5C /* AppDelegate.swift in Sources */ = {isa = PBXBuildFile; fileRef = A2043373248C56F8004D6C5C /* AppDelegate.swift */; };
		A2043376248C56F8004D6C5C /* SceneDelegate.swift in Sources */ = {isa = PBXBuildFile; fileRef = A2043375248C56F8004D6C5C /* SceneDelegate.swift */; };
		A2043378248C56F8004D6C5C /* EmojiMemoryGameView.swift in Sources */ = {isa = PBXBuildFile; fileRef = A2043377248C56F8004D6C5C /* EmojiMemoryGameView.swift */; };
		A204337A248C56FA004D6C5C /* Assets.xcassets in Resources */ = {isa = PBXBuildFile; fileRef = A2043379248C56FA004D6C5C /* Assets.xcassets */; };
		A204337D248C56FA004D6C5C /* Preview Assets.xcassets in Resources */ = {isa = PBXBuildFile; fileRef = A204337C248C56FA004D6C5C /* Preview Assets.xcassets */; };
		A2043380248C56FA004D6C5C /* LaunchScreen.storyboard in Resources */ = {isa = PBXBuildFile; fileRef = A204337E248C56FA004D6C5C /* LaunchScreen.storyboard */; };
		A204338B248C56FA004D6C5C /* MemorizeTests.swift in Sources */ = {isa = PBXBuildFile; fileRef = A204338A248C56FA004D6C5C /* MemorizeTests.swift */; };
		A2043396248C56FA004D6C5C /* MemorizeUITests.swift in Sources */ = {isa = PBXBuildFile; fileRef = A2043395248C56FA004D6C5C /* MemorizeUITests.swift */; };
		A24E72DD249524BF0053B5DF /* MemoryGame.swift in Sources */ = {isa = PBXBuildFile; fileRef = A24E72DC249524BF0053B5DF /* MemoryGame.swift */; };
		A24E72DF249526EB0053B5DF /* EmojiMemoryGame.swift in Sources */ = {isa = PBXBuildFile; fileRef = A24E72DE249526EB0053B5DF /* EmojiMemoryGame.swift */; };
		A255B4A6249FDFC600E804D3 /* Theme.swift in Sources */ = {isa = PBXBuildFile; fileRef = A255B4A5249FDFC600E804D3 /* Theme.swift */; };
		A2A6D8442496957C00A77BF5 /* Array+Identifiable.swift in Sources */ = {isa = PBXBuildFile; fileRef = A2A6D8432496957C00A77BF5 /* Array+Identifiable.swift */; };
		A2E43567249E698200174BDC /* Array+Only.swift in Sources */ = {isa = PBXBuildFile; fileRef = A2E43566249E698200174BDC /* Array+Only.swift */; };
		A2F71D9C249683FE001749E3 /* Grid.swift in Sources */ = {isa = PBXBuildFile; fileRef = A2F71D9B249683FE001749E3 /* Grid.swift */; };
		A2F71D9E249687BE001749E3 /* GridLayout.swift in Sources */ = {isa = PBXBuildFile; fileRef = A2F71D9D249687BE001749E3 /* GridLayout.swift */; };
/* End PBXBuildFile section */

/* Begin PBXContainerItemProxy section */
		A2043387248C56FA004D6C5C /* PBXContainerItemProxy */ = {
			isa = PBXContainerItemProxy;
			containerPortal = A2043368248C56F8004D6C5C /* Project object */;
			proxyType = 1;
			remoteGlobalIDString = A204336F248C56F8004D6C5C;
			remoteInfo = Memorize;
		};
		A2043392248C56FA004D6C5C /* PBXContainerItemProxy */ = {
			isa = PBXContainerItemProxy;
			containerPortal = A2043368248C56F8004D6C5C /* Project object */;
			proxyType = 1;
			remoteGlobalIDString = A204336F248C56F8004D6C5C;
			remoteInfo = Memorize;
		};
/* End PBXContainerItemProxy section */

/* Begin PBXFileReference section */
		A2043370248C56F8004D6C5C /* Memorize.app */ = {isa = PBXFileReference; explicitFileType = wrapper.application; includeInIndex = 0; path = Memorize.app; sourceTree = BUILT_PRODUCTS_DIR; };
		A2043373248C56F8004D6C5C /* AppDelegate.swift */ = {isa = PBXFileReference; lastKnownFileType = sourcecode.swift; path = AppDelegate.swift; sourceTree = "<group>"; };
		A2043375248C56F8004D6C5C /* SceneDelegate.swift */ = {isa = PBXFileReference; lastKnownFileType = sourcecode.swift; path = SceneDelegate.swift; sourceTree = "<group>"; };
		A2043377248C56F8004D6C5C /* EmojiMemoryGameView.swift */ = {isa = PBXFileReference; lastKnownFileType = sourcecode.swift; path = EmojiMemoryGameView.swift; sourceTree = "<group>"; };
		A2043379248C56FA004D6C5C /* Assets.xcassets */ = {isa = PBXFileReference; lastKnownFileType = folder.assetcatalog; path = Assets.xcassets; sourceTree = "<group>"; };
		A204337C248C56FA004D6C5C /* Preview Assets.xcassets */ = {isa = PBXFileReference; lastKnownFileType = folder.assetcatalog; path = "Preview Assets.xcassets"; sourceTree = "<group>"; };
		A204337F248C56FA004D6C5C /* Base */ = {isa = PBXFileReference; lastKnownFileType = file.storyboard; name = Base; path = Base.lproj/LaunchScreen.storyboard; sourceTree = "<group>"; };
		A2043381248C56FA004D6C5C /* Info.plist */ = {isa = PBXFileReference; lastKnownFileType = text.plist.xml; path = Info.plist; sourceTree = "<group>"; };
		A2043386248C56FA004D6C5C /* MemorizeTests.xctest */ = {isa = PBXFileReference; explicitFileType = wrapper.cfbundle; includeInIndex = 0; path = MemorizeTests.xctest; sourceTree = BUILT_PRODUCTS_DIR; };
		A204338A248C56FA004D6C5C /* MemorizeTests.swift */ = {isa = PBXFileReference; lastKnownFileType = sourcecode.swift; path = MemorizeTests.swift; sourceTree = "<group>"; };
		A204338C248C56FA004D6C5C /* Info.plist */ = {isa = PBXFileReference; lastKnownFileType = text.plist.xml; path = Info.plist; sourceTree = "<group>"; };
		A2043391248C56FA004D6C5C /* MemorizeUITests.xctest */ = {isa = PBXFileReference; explicitFileType = wrapper.cfbundle; includeInIndex = 0; path = MemorizeUITests.xctest; sourceTree = BUILT_PRODUCTS_DIR; };
		A2043395248C56FA004D6C5C /* MemorizeUITests.swift */ = {isa = PBXFileReference; lastKnownFileType = sourcecode.swift; path = MemorizeUITests.swift; sourceTree = "<group>"; };
		A2043397248C56FA004D6C5C /* Info.plist */ = {isa = PBXFileReference; lastKnownFileType = text.plist.xml; path = Info.plist; sourceTree = "<group>"; };
		A24E72DC249524BF0053B5DF /* MemoryGame.swift */ = {isa = PBXFileReference; lastKnownFileType = sourcecode.swift; path = MemoryGame.swift; sourceTree = "<group>"; };
		A24E72DE249526EB0053B5DF /* EmojiMemoryGame.swift */ = {isa = PBXFileReference; lastKnownFileType = sourcecode.swift; path = EmojiMemoryGame.swift; sourceTree = "<group>"; };
		A255B4A5249FDFC600E804D3 /* Theme.swift */ = {isa = PBXFileReference; lastKnownFileType = sourcecode.swift; path = Theme.swift; sourceTree = "<group>"; };
		A2A6D8432496957C00A77BF5 /* Array+Identifiable.swift */ = {isa = PBXFileReference; lastKnownFileType = sourcecode.swift; path = "Array+Identifiable.swift"; sourceTree = "<group>"; };
		A2E43566249E698200174BDC /* Array+Only.swift */ = {isa = PBXFileReference; lastKnownFileType = sourcecode.swift; path = "Array+Only.swift"; sourceTree = "<group>"; };
		A2F71D9B249683FE001749E3 /* Grid.swift */ = {isa = PBXFileReference; lastKnownFileType = sourcecode.swift; path = Grid.swift; sourceTree = "<group>"; };
		A2F71D9D249687BE001749E3 /* GridLayout.swift */ = {isa = PBXFileReference; lastKnownFileType = sourcecode.swift; path = GridLayout.swift; sourceTree = "<group>"; };
/* End PBXFileReference section */

/* Begin PBXFrameworksBuildPhase section */
		A204336D248C56F8004D6C5C /* Frameworks */ = {
			isa = PBXFrameworksBuildPhase;
			buildActionMask = 2147483647;
			files = (
			);
			runOnlyForDeploymentPostprocessing = 0;
		};
		A2043383248C56FA004D6C5C /* Frameworks */ = {
			isa = PBXFrameworksBuildPhase;
			buildActionMask = 2147483647;
			files = (
			);
			runOnlyForDeploymentPostprocessing = 0;
		};
		A204338E248C56FA004D6C5C /* Frameworks */ = {
			isa = PBXFrameworksBuildPhase;
			buildActionMask = 2147483647;
			files = (
			);
			runOnlyForDeploymentPostprocessing = 0;
		};
/* End PBXFrameworksBuildPhase section */

/* Begin PBXGroup section */
		A2043367248C56F8004D6C5C = {
			isa = PBXGroup;
			children = (
				A2043372248C56F8004D6C5C /* Memorize */,
				A2043389248C56FA004D6C5C /* MemorizeTests */,
				A2043394248C56FA004D6C5C /* MemorizeUITests */,
				A2043371248C56F8004D6C5C /* Products */,
			);
			sourceTree = "<group>";
		};
		A2043371248C56F8004D6C5C /* Products */ = {
			isa = PBXGroup;
			children = (
				A2043370248C56F8004D6C5C /* Memorize.app */,
				A2043386248C56FA004D6C5C /* MemorizeTests.xctest */,
				A2043391248C56FA004D6C5C /* MemorizeUITests.xctest */,
			);
			name = Products;
			sourceTree = "<group>";
		};
		A2043372248C56F8004D6C5C /* Memorize */ = {
			isa = PBXGroup;
			children = (
				A255B4A5249FDFC600E804D3 /* Theme.swift */,
				A24E72DC249524BF0053B5DF /* MemoryGame.swift */,
				A24E72DE249526EB0053B5DF /* EmojiMemoryGame.swift */,
				A2043373248C56F8004D6C5C /* AppDelegate.swift */,
				A2043375248C56F8004D6C5C /* SceneDelegate.swift */,
				A2043377248C56F8004D6C5C /* EmojiMemoryGameView.swift */,
				A2E43566249E698200174BDC /* Array+Only.swift */,
				A2F71D9D249687BE001749E3 /* GridLayout.swift */,
				A2F71D9B249683FE001749E3 /* Grid.swift */,
				A2A6D8432496957C00A77BF5 /* Array+Identifiable.swift */,
				A2043379248C56FA004D6C5C /* Assets.xcassets */,
				A204337E248C56FA004D6C5C /* LaunchScreen.storyboard */,
				A2043381248C56FA004D6C5C /* Info.plist */,
				A204337B248C56FA004D6C5C /* Preview Content */,
			);
			path = Memorize;
			sourceTree = "<group>";
		};
		A204337B248C56FA004D6C5C /* Preview Content */ = {
			isa = PBXGroup;
			children = (
				A204337C248C56FA004D6C5C /* Preview Assets.xcassets */,
			);
			path = "Preview Content";
			sourceTree = "<group>";
		};
		A2043389248C56FA004D6C5C /* MemorizeTests */ = {
			isa = PBXGroup;
			children = (
				A204338A248C56FA004D6C5C /* MemorizeTests.swift */,
				A204338C248C56FA004D6C5C /* Info.plist */,
			);
			path = MemorizeTests;
			sourceTree = "<group>";
		};
		A2043394248C56FA004D6C5C /* MemorizeUITests */ = {
			isa = PBXGroup;
			children = (
				A2043395248C56FA004D6C5C /* MemorizeUITests.swift */,
				A2043397248C56FA004D6C5C /* Info.plist */,
			);
			path = MemorizeUITests;
			sourceTree = "<group>";
		};
/* End PBXGroup section */

/* Begin PBXNativeTarget section */
		A204336F248C56F8004D6C5C /* Memorize */ = {
			isa = PBXNativeTarget;
			buildConfigurationList = A204339A248C56FA004D6C5C /* Build configuration list for PBXNativeTarget "Memorize" */;
			buildPhases = (
				A204336C248C56F8004D6C5C /* Sources */,
				A204336D248C56F8004D6C5C /* Frameworks */,
				A204336E248C56F8004D6C5C /* Resources */,
			);
			buildRules = (
			);
			dependencies = (
			);
			name = Memorize;
			productName = Memorize;
			productReference = A2043370248C56F8004D6C5C /* Memorize.app */;
			productType = "com.apple.product-type.application";
		};
		A2043385248C56FA004D6C5C /* MemorizeTests */ = {
			isa = PBXNativeTarget;
			buildConfigurationList = A204339D248C56FA004D6C5C /* Build configuration list for PBXNativeTarget "MemorizeTests" */;
			buildPhases = (
				A2043382248C56FA004D6C5C /* Sources */,
				A2043383248C56FA004D6C5C /* Frameworks */,
				A2043384248C56FA004D6C5C /* Resources */,
			);
			buildRules = (
			);
			dependencies = (
				A2043388248C56FA004D6C5C /* PBXTargetDependency */,
			);
			name = MemorizeTests;
			productName = MemorizeTests;
			productReference = A2043386248C56FA004D6C5C /* MemorizeTests.xctest */;
			productType = "com.apple.product-type.bundle.unit-test";
		};
		A2043390248C56FA004D6C5C /* MemorizeUITests */ = {
			isa = PBXNativeTarget;
			buildConfigurationList = A20433A0248C56FA004D6C5C /* Build configuration list for PBXNativeTarget "MemorizeUITests" */;
			buildPhases = (
				A204338D248C56FA004D6C5C /* Sources */,
				A204338E248C56FA004D6C5C /* Frameworks */,
				A204338F248C56FA004D6C5C /* Resources */,
			);
			buildRules = (
			);
			dependencies = (
				A2043393248C56FA004D6C5C /* PBXTargetDependency */,
			);
			name = MemorizeUITests;
			productName = MemorizeUITests;
			productReference = A2043391248C56FA004D6C5C /* MemorizeUITests.xctest */;
			productType = "com.apple.product-type.bundle.ui-testing";
		};
/* End PBXNativeTarget section */

/* Begin PBXProject section */
		A2043368248C56F8004D6C5C /* Project object */ = {
			isa = PBXProject;
			attributes = {
				LastSwiftUpdateCheck = 1150;
				LastUpgradeCheck = 1150;
				ORGANIZATIONNAME = "Simon-Kaz";
				TargetAttributes = {
					A204336F248C56F8004D6C5C = {
						CreatedOnToolsVersion = 11.5;
					};
					A2043385248C56FA004D6C5C = {
						CreatedOnToolsVersion = 11.5;
						TestTargetID = A204336F248C56F8004D6C5C;
					};
					A2043390248C56FA004D6C5C = {
						CreatedOnToolsVersion = 11.5;
						TestTargetID = A204336F248C56F8004D6C5C;
					};
				};
			};
			buildConfigurationList = A204336B248C56F8004D6C5C /* Build configuration list for PBXProject "Memorize" */;
			compatibilityVersion = "Xcode 9.3";
			developmentRegion = en;
			hasScannedForEncodings = 0;
			knownRegions = (
				en,
				Base,
			);
			mainGroup = A2043367248C56F8004D6C5C;
			productRefGroup = A2043371248C56F8004D6C5C /* Products */;
			projectDirPath = "";
			projectRoot = "";
			targets = (
				A204336F248C56F8004D6C5C /* Memorize */,
				A2043385248C56FA004D6C5C /* MemorizeTests */,
				A2043390248C56FA004D6C5C /* MemorizeUITests */,
			);
		};
/* End PBXProject section */

/* Begin PBXResourcesBuildPhase section */
		A204336E248C56F8004D6C5C /* Resources */ = {
			isa = PBXResourcesBuildPhase;
			buildActionMask = 2147483647;
			files = (
				A2043380248C56FA004D6C5C /* LaunchScreen.storyboard in Resources */,
				A204337D248C56FA004D6C5C /* Preview Assets.xcassets in Resources */,
				A204337A248C56FA004D6C5C /* Assets.xcassets in Resources */,
			);
			runOnlyForDeploymentPostprocessing = 0;
		};
		A2043384248C56FA004D6C5C /* Resources */ = {
			isa = PBXResourcesBuildPhase;
			buildActionMask = 2147483647;
			files = (
			);
			runOnlyForDeploymentPostprocessing = 0;
		};
		A204338F248C56FA004D6C5C /* Resources */ = {
			isa = PBXResourcesBuildPhase;
			buildActionMask = 2147483647;
			files = (
			);
			runOnlyForDeploymentPostprocessing = 0;
		};
/* End PBXResourcesBuildPhase section */

/* Begin PBXSourcesBuildPhase section */
		A204336C248C56F8004D6C5C /* Sources */ = {
			isa = PBXSourcesBuildPhase;
			buildActionMask = 2147483647;
			files = (
				A2043374248C56F8004D6C5C /* AppDelegate.swift in Sources */,
				A2043376248C56F8004D6C5C /* SceneDelegate.swift in Sources */,
				A24E72DD249524BF0053B5DF /* MemoryGame.swift in Sources */,
				A2E43567249E698200174BDC /* Array+Only.swift in Sources */,
				A2043378248C56F8004D6C5C /* EmojiMemoryGameView.swift in Sources */,
				A24E72DF249526EB0053B5DF /* EmojiMemoryGame.swift in Sources */,
				A2A6D8442496957C00A77BF5 /* Array+Identifiable.swift in Sources */,
				A255B4A6249FDFC600E804D3 /* Theme.swift in Sources */,
				A2F71D9E249687BE001749E3 /* GridLayout.swift in Sources */,
				A2F71D9C249683FE001749E3 /* Grid.swift in Sources */,
			);
			runOnlyForDeploymentPostprocessing = 0;
		};
		A2043382248C56FA004D6C5C /* Sources */ = {
			isa = PBXSourcesBuildPhase;
			buildActionMask = 2147483647;
			files = (
				A204338B248C56FA004D6C5C /* MemorizeTests.swift in Sources */,
			);
			runOnlyForDeploymentPostprocessing = 0;
		};
		A204338D248C56FA004D6C5C /* Sources */ = {
			isa = PBXSourcesBuildPhase;
			buildActionMask = 2147483647;
			files = (
				A2043396248C56FA004D6C5C /* MemorizeUITests.swift in Sources */,
			);
			runOnlyForDeploymentPostprocessing = 0;
		};
/* End PBXSourcesBuildPhase section */

/* Begin PBXTargetDependency section */
		A2043388248C56FA004D6C5C /* PBXTargetDependency */ = {
			isa = PBXTargetDependency;
			target = A204336F248C56F8004D6C5C /* Memorize */;
			targetProxy = A2043387248C56FA004D6C5C /* PBXContainerItemProxy */;
		};
		A2043393248C56FA004D6C5C /* PBXTargetDependency */ = {
			isa = PBXTargetDependency;
			target = A204336F248C56F8004D6C5C /* Memorize */;
			targetProxy = A2043392248C56FA004D6C5C /* PBXContainerItemProxy */;
		};
/* End PBXTargetDependency section */

/* Begin PBXVariantGroup section */
		A204337E248C56FA004D6C5C /* LaunchScreen.storyboard */ = {
			isa = PBXVariantGroup;
			children = (
				A204337F248C56FA004D6C5C /* Base */,
			);
			name = LaunchScreen.storyboard;
			sourceTree = "<group>";
		};
/* End PBXVariantGroup section */

/* Begin XCBuildConfiguration section */
		A2043398248C56FA004D6C5C /* Debug */ = {
			isa = XCBuildConfiguration;
			buildSettings = {
				ALWAYS_SEARCH_USER_PATHS = NO;
				CLANG_ANALYZER_NONNULL = YES;
				CLANG_ANALYZER_NUMBER_OBJECT_CONVERSION = YES_AGGRESSIVE;
				CLANG_CXX_LANGUAGE_STANDARD = "gnu++14";
				CLANG_CXX_LIBRARY = "libc++";
				CLANG_ENABLE_MODULES = YES;
				CLANG_ENABLE_OBJC_ARC = YES;
				CLANG_ENABLE_OBJC_WEAK = YES;
				CLANG_WARN_BLOCK_CAPTURE_AUTORELEASING = YES;
				CLANG_WARN_BOOL_CONVERSION = YES;
				CLANG_WARN_COMMA = YES;
				CLANG_WARN_CONSTANT_CONVERSION = YES;
				CLANG_WARN_DEPRECATED_OBJC_IMPLEMENTATIONS = YES;
				CLANG_WARN_DIRECT_OBJC_ISA_USAGE = YES_ERROR;
				CLANG_WARN_DOCUMENTATION_COMMENTS = YES;
				CLANG_WARN_EMPTY_BODY = YES;
				CLANG_WARN_ENUM_CONVERSION = YES;
				CLANG_WARN_INFINITE_RECURSION = YES;
				CLANG_WARN_INT_CONVERSION = YES;
				CLANG_WARN_NON_LITERAL_NULL_CONVERSION = YES;
				CLANG_WARN_OBJC_IMPLICIT_RETAIN_SELF = YES;
				CLANG_WARN_OBJC_LITERAL_CONVERSION = YES;
				CLANG_WARN_OBJC_ROOT_CLASS = YES_ERROR;
				CLANG_WARN_RANGE_LOOP_ANALYSIS = YES;
				CLANG_WARN_STRICT_PROTOTYPES = YES;
				CLANG_WARN_SUSPICIOUS_MOVE = YES;
				CLANG_WARN_UNGUARDED_AVAILABILITY = YES_AGGRESSIVE;
				CLANG_WARN_UNREACHABLE_CODE = YES;
				CLANG_WARN__DUPLICATE_METHOD_MATCH = YES;
				COPY_PHASE_STRIP = NO;
				DEBUG_INFORMATION_FORMAT = dwarf;
				ENABLE_STRICT_OBJC_MSGSEND = YES;
				ENABLE_TESTABILITY = YES;
				GCC_C_LANGUAGE_STANDARD = gnu11;
				GCC_DYNAMIC_NO_PIC = NO;
				GCC_NO_COMMON_BLOCKS = YES;
				GCC_OPTIMIZATION_LEVEL = 0;
				GCC_PREPROCESSOR_DEFINITIONS = (
					"DEBUG=1",
					"$(inherited)",
				);
				GCC_WARN_64_TO_32_BIT_CONVERSION = YES;
				GCC_WARN_ABOUT_RETURN_TYPE = YES_ERROR;
				GCC_WARN_UNDECLARED_SELECTOR = YES;
				GCC_WARN_UNINITIALIZED_AUTOS = YES_AGGRESSIVE;
				GCC_WARN_UNUSED_FUNCTION = YES;
				GCC_WARN_UNUSED_VARIABLE = YES;
				IPHONEOS_DEPLOYMENT_TARGET = 13.5;
				MTL_ENABLE_DEBUG_INFO = INCLUDE_SOURCE;
				MTL_FAST_MATH = YES;
				ONLY_ACTIVE_ARCH = YES;
				SDKROOT = iphoneos;
				SWIFT_ACTIVE_COMPILATION_CONDITIONS = DEBUG;
				SWIFT_OPTIMIZATION_LEVEL = "-Onone";
			};
			name = Debug;
		};
		A2043399248C56FA004D6C5C /* Release */ = {
			isa = XCBuildConfiguration;
			buildSettings = {
				ALWAYS_SEARCH_USER_PATHS = NO;
				CLANG_ANALYZER_NONNULL = YES;
				CLANG_ANALYZER_NUMBER_OBJECT_CONVERSION = YES_AGGRESSIVE;
				CLANG_CXX_LANGUAGE_STANDARD = "gnu++14";
				CLANG_CXX_LIBRARY = "libc++";
				CLANG_ENABLE_MODULES = YES;
				CLANG_ENABLE_OBJC_ARC = YES;
				CLANG_ENABLE_OBJC_WEAK = YES;
				CLANG_WARN_BLOCK_CAPTURE_AUTORELEASING = YES;
				CLANG_WARN_BOOL_CONVERSION = YES;
				CLANG_WARN_COMMA = YES;
				CLANG_WARN_CONSTANT_CONVERSION = YES;
				CLANG_WARN_DEPRECATED_OBJC_IMPLEMENTATIONS = YES;
				CLANG_WARN_DIRECT_OBJC_ISA_USAGE = YES_ERROR;
				CLANG_WARN_DOCUMENTATION_COMMENTS = YES;
				CLANG_WARN_EMPTY_BODY = YES;
				CLANG_WARN_ENUM_CONVERSION = YES;
				CLANG_WARN_INFINITE_RECURSION = YES;
				CLANG_WARN_INT_CONVERSION = YES;
				CLANG_WARN_NON_LITERAL_NULL_CONVERSION = YES;
				CLANG_WARN_OBJC_IMPLICIT_RETAIN_SELF = YES;
				CLANG_WARN_OBJC_LITERAL_CONVERSION = YES;
				CLANG_WARN_OBJC_ROOT_CLASS = YES_ERROR;
				CLANG_WARN_RANGE_LOOP_ANALYSIS = YES;
				CLANG_WARN_STRICT_PROTOTYPES = YES;
				CLANG_WARN_SUSPICIOUS_MOVE = YES;
				CLANG_WARN_UNGUARDED_AVAILABILITY = YES_AGGRESSIVE;
				CLANG_WARN_UNREACHABLE_CODE = YES;
				CLANG_WARN__DUPLICATE_METHOD_MATCH = YES;
				COPY_PHASE_STRIP = NO;
				DEBUG_INFORMATION_FORMAT = "dwarf-with-dsym";
				ENABLE_NS_ASSERTIONS = NO;
				ENABLE_STRICT_OBJC_MSGSEND = YES;
				GCC_C_LANGUAGE_STANDARD = gnu11;
				GCC_NO_COMMON_BLOCKS = YES;
				GCC_WARN_64_TO_32_BIT_CONVERSION = YES;
				GCC_WARN_ABOUT_RETURN_TYPE = YES_ERROR;
				GCC_WARN_UNDECLARED_SELECTOR = YES;
				GCC_WARN_UNINITIALIZED_AUTOS = YES_AGGRESSIVE;
				GCC_WARN_UNUSED_FUNCTION = YES;
				GCC_WARN_UNUSED_VARIABLE = YES;
				IPHONEOS_DEPLOYMENT_TARGET = 13.5;
				MTL_ENABLE_DEBUG_INFO = NO;
				MTL_FAST_MATH = YES;
				SDKROOT = iphoneos;
				SWIFT_COMPILATION_MODE = wholemodule;
				SWIFT_OPTIMIZATION_LEVEL = "-O";
				VALIDATE_PRODUCT = YES;
			};
			name = Release;
		};
		A204339B248C56FA004D6C5C /* Debug */ = {
			isa = XCBuildConfiguration;
			buildSettings = {
				ASSETCATALOG_COMPILER_APPICON_NAME = AppIcon;
				CODE_SIGN_STYLE = Automatic;
				DEVELOPMENT_ASSET_PATHS = "\"Memorize/Preview Content\"";
				ENABLE_PREVIEWS = YES;
				INFOPLIST_FILE = Memorize/Info.plist;
				LD_RUNPATH_SEARCH_PATHS = (
					"$(inherited)",
					"@executable_path/Frameworks",
				);
				PRODUCT_BUNDLE_IDENTIFIER = org.simonkaz.Memorize;
				PRODUCT_NAME = "$(TARGET_NAME)";
				SWIFT_VERSION = 5.0;
				TARGETED_DEVICE_FAMILY = "1,2";
			};
			name = Debug;
		};
		A204339C248C56FA004D6C5C /* Release */ = {
			isa = XCBuildConfiguration;
			buildSettings = {
				ASSETCATALOG_COMPILER_APPICON_NAME = AppIcon;
				CODE_SIGN_STYLE = Automatic;
				DEVELOPMENT_ASSET_PATHS = "\"Memorize/Preview Content\"";
				ENABLE_PREVIEWS = YES;
				INFOPLIST_FILE = Memorize/Info.plist;
				LD_RUNPATH_SEARCH_PATHS = (
					"$(inherited)",
					"@executable_path/Frameworks",
				);
				PRODUCT_BUNDLE_IDENTIFIER = org.simonkaz.Memorize;
				PRODUCT_NAME = "$(TARGET_NAME)";
				SWIFT_VERSION = 5.0;
				TARGETED_DEVICE_FAMILY = "1,2";
			};
			name = Release;
		};
		A204339E248C56FA004D6C5C /* Debug */ = {
			isa = XCBuildConfiguration;
			buildSettings = {
				ALWAYS_EMBED_SWIFT_STANDARD_LIBRARIES = YES;
				BUNDLE_LOADER = "$(TEST_HOST)";
				CODE_SIGN_STYLE = Automatic;
				INFOPLIST_FILE = MemorizeTests/Info.plist;
				IPHONEOS_DEPLOYMENT_TARGET = 13.5;
				LD_RUNPATH_SEARCH_PATHS = (
					"$(inherited)",
					"@executable_path/Frameworks",
					"@loader_path/Frameworks",
				);
				PRODUCT_BUNDLE_IDENTIFIER = org.simonkaz.MemorizeTests;
				PRODUCT_NAME = "$(TARGET_NAME)";
				SWIFT_VERSION = 5.0;
				TARGETED_DEVICE_FAMILY = "1,2";
				TEST_HOST = "$(BUILT_PRODUCTS_DIR)/Memorize.app/Memorize";
			};
			name = Debug;
		};
		A204339F248C56FA004D6C5C /* Release */ = {
			isa = XCBuildConfiguration;
			buildSettings = {
				ALWAYS_EMBED_SWIFT_STANDARD_LIBRARIES = YES;
				BUNDLE_LOADER = "$(TEST_HOST)";
				CODE_SIGN_STYLE = Automatic;
				INFOPLIST_FILE = MemorizeTests/Info.plist;
				IPHONEOS_DEPLOYMENT_TARGET = 13.5;
				LD_RUNPATH_SEARCH_PATHS = (
					"$(inherited)",
					"@executable_path/Frameworks",
					"@loader_path/Frameworks",
				);
				PRODUCT_BUNDLE_IDENTIFIER = org.simonkaz.MemorizeTests;
				PRODUCT_NAME = "$(TARGET_NAME)";
				SWIFT_VERSION = 5.0;
				TARGETED_DEVICE_FAMILY = "1,2";
				TEST_HOST = "$(BUILT_PRODUCTS_DIR)/Memorize.app/Memorize";
			};
			name = Release;
		};
		A20433A1248C56FA004D6C5C /* Debug */ = {
			isa = XCBuildConfiguration;
			buildSettings = {
				ALWAYS_EMBED_SWIFT_STANDARD_LIBRARIES = YES;
				CODE_SIGN_STYLE = Automatic;
				INFOPLIST_FILE = MemorizeUITests/Info.plist;
				LD_RUNPATH_SEARCH_PATHS = (
					"$(inherited)",
					"@executable_path/Frameworks",
					"@loader_path/Frameworks",
				);
				PRODUCT_BUNDLE_IDENTIFIER = org.simonkaz.MemorizeUITests;
				PRODUCT_NAME = "$(TARGET_NAME)";
				SWIFT_VERSION = 5.0;
				TARGETED_DEVICE_FAMILY = "1,2";
				TEST_TARGET_NAME = Memorize;
			};
			name = Debug;
		};
		A20433A2248C56FA004D6C5C /* Release */ = {
			isa = XCBuildConfiguration;
			buildSettings = {
				ALWAYS_EMBED_SWIFT_STANDARD_LIBRARIES = YES;
				CODE_SIGN_STYLE = Automatic;
				INFOPLIST_FILE = MemorizeUITests/Info.plist;
				LD_RUNPATH_SEARCH_PATHS = (
					"$(inherited)",
					"@executable_path/Frameworks",
					"@loader_path/Frameworks",
				);
				PRODUCT_BUNDLE_IDENTIFIER = org.simonkaz.MemorizeUITests;
				PRODUCT_NAME = "$(TARGET_NAME)";
				SWIFT_VERSION = 5.0;
				TARGETED_DEVICE_FAMILY = "1,2";
				TEST_TARGET_NAME = Memorize;
			};
			name = Release;
		};
/* End XCBuildConfiguration section */

/* Begin XCConfigurationList section */
		A204336B248C56F8004D6C5C /* Build configuration list for PBXProject "Memorize" */ = {
			isa = XCConfigurationList;
			buildConfigurations = (
				A2043398248C56FA004D6C5C /* Debug */,
				A2043399248C56FA004D6C5C /* Release */,
			);
			defaultConfigurationIsVisible = 0;
			defaultConfigurationName = Release;
		};
		A204339A248C56FA004D6C5C /* Build configuration list for PBXNativeTarget "Memorize" */ = {
			isa = XCConfigurationList;
			buildConfigurations = (
				A204339B248C56FA004D6C5C /* Debug */,
				A204339C248C56FA004D6C5C /* Release */,
			);
			defaultConfigurationIsVisible = 0;
			defaultConfigurationName = Release;
		};
		A204339D248C56FA004D6C5C /* Build configuration list for PBXNativeTarget "MemorizeTests" */ = {
			isa = XCConfigurationList;
			buildConfigurations = (
				A204339E248C56FA004D6C5C /* Debug */,
				A204339F248C56FA004D6C5C /* Release */,
			);
			defaultConfigurationIsVisible = 0;
			defaultConfigurationName = Release;
		};
		A20433A0248C56FA004D6C5C /* Build configuration list for PBXNativeTarget "MemorizeUITests" */ = {
			isa = XCConfigurationList;
			buildConfigurations = (
				A20433A1248C56FA004D6C5C /* Debug */,
				A20433A2248C56FA004D6C5C /* Release */,
			);
			defaultConfigurationIsVisible = 0;
			defaultConfigurationName = Release;
		};
/* End XCConfigurationList section */
	};
	rootObject = A2043368248C56F8004D6C5C /* Project object */;
}
